
Microsoft Visual Studio Solution File, Format Version 12.00
# Visual Studio Version 17
VisualStudioVersion = 17.0.31903.59
MinimumVisualStudioVersion = 10.0.40219.1
Project("{FAE04EC0-301F-11D3-BF4B-00C04F79EFBC}") = "API", "API\API.csproj", "{8931F41D-11A4-4138-A443-9140F3716586}"
EndProject
Project("{FAE04EC0-301F-11D3-BF4B-00C04F79EFBC}") = "Application", "Application\Application.csproj", "{7943F5E6-EC2E-4E14-9561-2D442DE1F6A0}"
EndProject
Project("{FAE04EC0-301F-11D3-BF4B-00C04F79EFBC}") = "Domain", "Domain\Domain.csproj", "{C9F60D4A-AFEF-425D-9543-71BC2F11C7DA}"
EndProject
Project("{FAE04EC0-301F-11D3-BF4B-00C04F79EFBC}") = "Persistence", "Persistence\Persistence.csproj", "{613D3418-1A9A-414F-B576-601B902D80BD}"
EndProject
Global
	GlobalSection(SolutionConfigurationPlatforms) = preSolution
		Debug|Any CPU = Debug|Any CPU
		Release|Any CPU = Release|Any CPU
	EndGlobalSection
	GlobalSection(SolutionProperties) = preSolution
		HideSolutionNode = FALSE
	EndGlobalSection
	GlobalSection(ProjectConfigurationPlatforms) = postSolution
		{8931F41D-11A4-4138-A443-9140F3716586}.Debug|Any CPU.ActiveCfg = Debug|Any CPU
		{8931F41D-11A4-4138-A443-9140F3716586}.Debug|Any CPU.Build.0 = Debug|Any CPU
		{8931F41D-11A4-4138-A443-9140F3716586}.Release|Any CPU.ActiveCfg = Release|Any CPU
		{8931F41D-11A4-4138-A443-9140F3716586}.Release|Any CPU.Build.0 = Release|Any CPU
		{7943F5E6-EC2E-4E14-9561-2D442DE1F6A0}.Debug|Any CPU.ActiveCfg = Debug|Any CPU
		{7943F5E6-EC2E-4E14-9561-2D442DE1F6A0}.Debug|Any CPU.Build.0 = Debug|Any CPU
		{7943F5E6-EC2E-4E14-9561-2D442DE1F6A0}.Release|Any CPU.ActiveCfg = Release|Any CPU
		{7943F5E6-EC2E-4E14-9561-2D442DE1F6A0}.Release|Any CPU.Build.0 = Release|Any CPU
		{C9F60D4A-AFEF-425D-9543-71BC2F11C7DA}.Debug|Any CPU.ActiveCfg = Debug|Any CPU
		{C9F60D4A-AFEF-425D-9543-71BC2F11C7DA}.Debug|Any CPU.Build.0 = Debug|Any CPU
		{C9F60D4A-AFEF-425D-9543-71BC2F11C7DA}.Release|Any CPU.ActiveCfg = Release|Any CPU
		{C9F60D4A-AFEF-425D-9543-71BC2F11C7DA}.Release|Any CPU.Build.0 = Release|Any CPU
		{613D3418-1A9A-414F-B576-601B902D80BD}.Debug|Any CPU.ActiveCfg = Debug|Any CPU
		{613D3418-1A9A-414F-B576-601B902D80BD}.Debug|Any CPU.Build.0 = Debug|Any CPU
		{613D3418-1A9A-414F-B576-601B902D80BD}.Release|Any CPU.ActiveCfg = Release|Any CPU
		{613D3418-1A9A-414F-B576-601B902D80BD}.Release|Any CPU.Build.0 = Release|Any CPU
	EndGlobalSection
EndGlobal
